
Microsoft Visual Studio Solution File, Format Version 12.00
# Visual Studio Version 17
VisualStudioVersion = 17.4.33213.308
MinimumVisualStudioVersion = 10.0.40219.1
Project("{FAE04EC0-301F-11D3-BF4B-00C04F79EFBC}") = "ConsumeGraphQL", "TestApp\ConsumeGraphQL.csproj", "{AA5A7BBC-3501-4E39-8EF9-52537A0879B3}"
EndProject
Global
	GlobalSection(SolutionConfigurationPlatforms) = preSolution
		Debug|Any CPU = Debug|Any CPU
		Release|Any CPU = Release|Any CPU
	EndGlobalSection
	GlobalSection(ProjectConfigurationPlatforms) = postSolution
		{AA5A7BBC-3501-4E39-8EF9-52537A0879B3}.Debug|Any CPU.ActiveCfg = Debug|Any CPU
		{AA5A7BBC-3501-4E39-8EF9-52537A0879B3}.Debug|Any CPU.Build.0 = Debug|Any CPU
		{AA5A7BBC-3501-4E39-8EF9-52537A0879B3}.Release|Any CPU.ActiveCfg = Release|Any CPU
		{AA5A7BBC-3501-4E39-8EF9-52537A0879B3}.Release|Any CPU.Build.0 = Release|Any CPU
	EndGlobalSection
	GlobalSection(SolutionProperties) = preSolution
		HideSolutionNode = FALSE
	EndGlobalSection
	GlobalSection(ExtensibilityGlobals) = postSolution
		SolutionGuid = {13DACB24-3098-4EBB-B343-6706E730E304}
	EndGlobalSection
EndGlobal
